
Microsoft Visual Studio Solution File, Format Version 12.00
# Visual Studio Version 17
VisualStudioVersion = 17.13.35931.197 d17.13
MinimumVisualStudioVersion = 10.0.40219.1
Project("{FAE04EC0-301F-11D3-BF4B-00C04F79EFBC}") = "RouterDesigner", "RouterDesigner\RouterDesigner.csproj", "{BFFA3848-95D9-4FC6-AE85-19CD47CE0ABE}"
EndProject
Project("{2150E333-8FDC-42A3-9474-1A3956D46DE8}") = "Solution Items", "Solution Items", "{8EC462FD-D22E-90A8-E5CE-7E832BA40C5D}"
	ProjectSection(SolutionItems) = preProject
		.gitignore = .gitignore
		README.md = README.md
	EndProjectSection
EndProject
Global
	GlobalSection(SolutionConfigurationPlatforms) = preSolution
		Debug|Any CPU = Debug|Any CPU
		Release|Any CPU = Release|Any CPU
	EndGlobalSection
	GlobalSection(ProjectConfigurationPlatforms) = postSolution
		{BFFA3848-95D9-4FC6-AE85-19CD47CE0ABE}.Debug|Any CPU.ActiveCfg = Debug|Any CPU
		{BFFA3848-95D9-4FC6-AE85-19CD47CE0ABE}.Debug|Any CPU.Build.0 = Debug|Any CPU
		{BFFA3848-95D9-4FC6-AE85-19CD47CE0ABE}.Release|Any CPU.ActiveCfg = Release|Any CPU
		{BFFA3848-95D9-4FC6-AE85-19CD47CE0ABE}.Release|Any CPU.Build.0 = Release|Any CPU
	EndGlobalSection
	GlobalSection(SolutionProperties) = preSolution
		HideSolutionNode = FALSE
	EndGlobalSection
	GlobalSection(ExtensibilityGlobals) = postSolution
		SolutionGuid = {D34B207D-665A-436C-8B5F-55FB11DF67F4}
	EndGlobalSection
EndGlobal
